{
  "lockfileVersion": 1,
  "configVersion": 1,
  "workspaces": {
    "": {
      "name": "strava-mcp",
      "dependencies": {
        "@effect/platform-bun": "4.0.0-beta.99",
        "@effect/sql-pg": "4.0.0-beta.99",
        "effect": "4.0.0-beta.99",
      },
      "devDependencies": {
        "@types/bun": "^1.3.0",
        "@types/node": "^24.0.0",
        "oxfmt": "^0.47.0",
        "oxlint": "^1.70.0",
        "typescript": "^5.9.0",
      },
    },
  },
  "packages": {
    "@effect/platform-bun": ["@effect/platform-bun@4.0.0-beta.99", "", { "dependencies": { "@effect/platform-node-shared": "^4.0.0-beta.99" }, "peerDependencies": { "effect": "^4.0.0-beta.99" } }, "sha512-CCjzD7BY6wvG8tWEBvup2Ko4ME65RX2zZnt8sD+SLwrSEEGJhTliwmQyjyesm8WjAJpALv8NL9/Tv17ocxUPNg=="],

    "@effect/platform-node-shared": ["@effect/platform-node-shared@4.0.0-beta.99", "", { "dependencies": { "@types/ws": "^8.18.1", "ws": "^8.21.0" }, "peerDependencies": { "effect": "^4.0.0-beta.99" } }, "sha512-POBAowafsAAb3bH1x1rJlWnv32yMAazFgEuRW5LhkW/JJA5VGoEk9OnuoUkIH1OW6K/X6IrdNpqcO+5e9lPQJA=="],

    "@effect/sql-pg": ["@effect/sql-pg@4.0.0-beta.99", "", { "dependencies": { "pg": "^8.22.0", "pg-connection-string": "2.14.0", "pg-cursor": "^2.21.0", "pg-pool": "^3.14.0", "pg-types": "^4.1.0" }, "peerDependencies": { "effect": "^4.0.0-beta.99" } }, "sha512-ZZCKdArioVX29YcH+0HjiYeZiTAEnngU8ao3cBGZXrUOZwcvzknGWNOS7aGzES7hSK/HDBKPu2t14LGgtSgsCA=="],

    "@msgpackr-extract/msgpackr-extract-darwin-arm64": ["@msgpackr-extract/msgpackr-extract-darwin-arm64@3.0.4", "", { "os": "darwin", "cpu": "arm64" }, "sha512-LCkGo6JDfaBhgST7UpPWgNgLINpcpabaHfyz5OBx75nUYxBsaEPxjnyNjWpeb/xBup/682QnBfRBy2/LvPutZQ=="],

    "@msgpackr-extract/msgpackr-extract-darwin-x64": ["@msgpackr-extract/msgpackr-extract-darwin-x64@3.0.4", "", { "os": "darwin", "cpu": "x64" }, "sha512-zExlW9zUJKZH/tOtVMttwjKa4Xm/3KcNjnE3dPN92uCktwavMxpgCA3MoJK/DOnTWsQgo224OaST27/mPNAf+w=="],

    "@msgpackr-extract/msgpackr-extract-linux-arm": ["@msgpackr-extract/msgpackr-extract-linux-arm@3.0.4", "", { "os": "linux", "cpu": "arm" }, "sha512-Tg3yX65f5GbtXLkrYEHE5oibZG9epyYWas7FogTTEJeDEF9JlXJzKgXaNhT3UXlTOeA+AfZpYZYZ0uPj7Cfquw=="],

    "@msgpackr-extract/msgpackr-extract-linux-arm64": ["@msgpackr-extract/msgpackr-extract-linux-arm64@3.0.4", "", { "os": "linux", "cpu": "arm64" }, "sha512-dgX0P/9wGPJeHFBG+ZmhgE6bmtMt7NP5CRBGyyktpopdk/mW4POnrpQsSLtKI1dwpc+pPLuXHDh6vvskyQE/sw=="],

    "@msgpackr-extract/msgpackr-extract-linux-x64": ["@msgpackr-extract/msgpackr-extract-linux-x64@3.0.4", "", { "os": "linux", "cpu": "x64" }, "sha512-8TNXMEjJc3QEy7R/x1INhgiU+XakDAFUzBhaz7+Rbrs8NH5UQeHQxxmzsSBJGyV6I1jW79undiQm8tOI+D+8FQ=="],

    "@msgpackr-extract/msgpackr-extract-win32-x64": ["@msgpackr-extract/msgpackr-extract-win32-x64@3.0.4", "", { "os": "win32", "cpu": "x64" }, "sha512-CmCXPQrkbwExx3j946/PtHWHbYJiCRBRDl4BlkRQcJB/YOwQxJRTpoo7aTsortjgoJ1x7opzTSxn7C+ASSLVjQ=="],

    "@oxfmt/binding-android-arm-eabi": ["@oxfmt/binding-android-arm-eabi@0.47.0", "", { "os": "android", "cpu": "arm" }, "sha512-KrMQRdMi/upr81qT4ijK6X6BNp6jqpMY7FwILQnwIy9QLc3qpnhUx5rsCLGzn4ewsCQ0CNAspN2ogmP1GXLyLw=="],

    "@oxfmt/binding-android-arm64": ["@oxfmt/binding-android-arm64@0.47.0", "", { "os": "android", "cpu": "arm64" }, "sha512-r4ixS/PeUpAFKgrpDoZ5pSkthjZzVzKd95525Aazj+aOv9H4ulK5zYHGb7wFY5n5kZxHK8TbOJUZgoEb1ohddQ=="],

    "@oxfmt/binding-darwin-arm64": ["@oxfmt/binding-darwin-arm64@0.47.0", "", { "os": "darwin", "cpu": "arm64" }, "sha512-CLWxiKpMl+195cm09CuaWEhJK0CirRkoMa07aR9+9AFPat2LfIKtwx1JqxZM0MTvcMe6+adlJNdVL6jdInvq3g=="],

    "@oxfmt/binding-darwin-x64": ["@oxfmt/binding-darwin-x64@0.47.0", "", { "os": "darwin", "cpu": "x64" }, "sha512-Xq5fjTYDC50faUeLSm0rZdBqoTgleXEdD7NpJdARtQIczkCJn3xNjMUSQQkUmh4CtxkKTNL68lytcOK3e/osgg=="],

    "@oxfmt/binding-freebsd-x64": ["@oxfmt/binding-freebsd-x64@0.47.0", "", { "os": "freebsd", "cpu": "x64" }, "sha512-QOU9ZIJ52p5askcEC0QJvvr8trHAWoonul8bgISo6gYUL3s50zkqafBYcNAr9LJZQbsZtPfIWHk9+5+nUp1qJQ=="],

    "@oxfmt/binding-linux-arm-gnueabihf": ["@oxfmt/binding-linux-arm-gnueabihf@0.47.0", "", { "os": "linux", "cpu": "arm" }, "sha512-oJxDM1aBhPvz9gmElBv8UpxyiqhwfjcbrSxT5F0xtuUzY6dQI27/AQPIt3eu3Z5Yvn0kQl5R7MA3Z+MbnRvCBw=="],

    "@oxfmt/binding-linux-arm-musleabihf": ["@oxfmt/binding-linux-arm-musleabihf@0.47.0", "", { "os": "linux", "cpu": "arm" }, "sha512-g8Lh50VS4ibGz2q6v7r9UZY4D0dM16SdrFYOMzhqIoCwGcai8VMIRUAcqn1/jlCsOOzUXJ741+kCeJt0cofakQ=="],

    "@oxfmt/binding-linux-arm64-gnu": ["@oxfmt/binding-linux-arm64-gnu@0.47.0", "", { "os": "linux", "cpu": "arm64" }, "sha512-YrNT1vQ0asaXoRbrvYENPqmBfOQ9Xr8enPNOULeYfg44VjCcrUowFy5QZr+WawE0zyP8cH9e9Gxxg0fDEFzhcg=="],

    "@oxfmt/binding-linux-arm64-musl": ["@oxfmt/binding-linux-arm64-musl@0.47.0", "", { "os": "linux", "cpu": "arm64" }, "sha512-IxtQC/sbBi4ubbY+MdwdanRWrG9InQJVZqyMsBa5IUaQcnSg86gQme574HxXMC1p4bo4YhV99zQ+wNnGCvEgzw=="],

    "@oxfmt/binding-linux-ppc64-gnu": ["@oxfmt/binding-linux-ppc64-gnu@0.47.0", "", { "os": "linux", "cpu": "ppc64" }, "sha512-EWXEhOMbWO0q6eJSbu0QLkU8cKi0ljlYLngeDs2Ocu/pm1rrLwyQiYzlFbdnMRURI4w9ndr1sI9rSbhlJ5o23Q=="],

    "@oxfmt/binding-linux-riscv64-gnu": ["@oxfmt/binding-linux-riscv64-gnu@0.47.0", "", { "os": "linux", "cpu": "none" }, "sha512-tZrjS11TUiDuEpRaqdk8K9F9xETRyKXfuZKmdeW+Gj7coBnm7+8sBEfyt033EAFEQSlkniAXvBLh+Qja2ioGBQ=="],

    "@oxfmt/binding-linux-riscv64-musl": ["@oxfmt/binding-linux-riscv64-musl@0.47.0", "", { "os": "linux", "cpu": "none" }, "sha512-KBFy+2CFKUCZzYwX2ZOPQKck1vjQbz+hextuc19G4r0WRJwadfAeuQMQRQvB+Ivc8brlbOVg7et8K7E467440g=="],

    "@oxfmt/binding-linux-s390x-gnu": ["@oxfmt/binding-linux-s390x-gnu@0.47.0", "", { "os": "linux", "cpu": "s390x" }, "sha512-REUPFKVGSiK99B+9eaPhluEVglzaoj/SMykNC5SUiV2RSsBfV5lWN7Y0iCIc251Wz3GaeAGZsJ/zj3gjarxdFg=="],

    "@oxfmt/binding-linux-x64-gnu": ["@oxfmt/binding-linux-x64-gnu@0.47.0", "", { "os": "linux", "cpu": "x64" }, "sha512-KVftVSVEDeIfRW3TIeLe3aNI/iY4m1fu5mDwHcisKMZSCMKLkrhFsjowC7o9RoqNPxbbglm2+/6KAKBIts2t0Q=="],

    "@oxfmt/binding-linux-x64-musl": ["@oxfmt/binding-linux-x64-musl@0.47.0", "", { "os": "linux", "cpu": "x64" }, "sha512-DTsmGEaA2860Aq5VUyDO8/MT9NFxwVL93RnRYmpMwK6DsSkThmvEpqoUDDljziEpAedMRG19SCogrNbINSbLUQ=="],

    "@oxfmt/binding-openharmony-arm64": ["@oxfmt/binding-openharmony-arm64@0.47.0", "", { "os": "none", "cpu": "arm64" }, "sha512-8r5BDro7fLOBoq1JXHLVSs55OlrxQhEso4HVo0TcY7OXJUPYfjPoOaYL5us+yIwqyP9rQwN+rxuiNFSmaxSuOQ=="],

    "@oxfmt/binding-win32-arm64-msvc": ["@oxfmt/binding-win32-arm64-msvc@0.47.0", "", { "os": "win32", "cpu": "arm64" }, "sha512-qtz/gzm8IjSPUlseZ0ofW8zyHLoZsuP5HTfcGGkWkUblB89JT8GNYH3ICqjbDsqsGqXum0/ZndXTFplSdXFIcg=="],

    "@oxfmt/binding-win32-ia32-msvc": ["@oxfmt/binding-win32-ia32-msvc@0.47.0", "", { "os": "win32", "cpu": "ia32" }, "sha512-5vIcdcIDE7nCx+MXN6sm8kbC4zajDB31E86rez4i45iHNH/2NjdKlJ720xcHTr3eeiMcttCGPHPhE1TjtBDGZw=="],

    "@oxfmt/binding-win32-x64-msvc": ["@oxfmt/binding-win32-x64-msvc@0.47.0", "", { "os": "win32", "cpu": "x64" }, "sha512-Sr59Y5ms54ONBjxFeWhVlGyQcHXxcl9DxC23f6yXlRkcos7LXBLoO+KDfxexjHIOZh7cWqrWduzvUjJ+pHp8cQ=="],

    "@oxlint/binding-android-arm-eabi": ["@oxlint/binding-android-arm-eabi@1.74.0", "", { "os": "android", "cpu": "arm" }, "sha512-+gHd12muVI9ZLBaWLPkHt3Fj7jihFjgQ1MGtBaRL8vWrWrI0P7dLUty/cHrHS0oqPYIRgQUJsPu2CExQuMcwNw=="],

    "@oxlint/binding-android-arm64": ["@oxlint/binding-android-arm64@1.74.0", "", { "os": "android", "cpu": "arm64" }, "sha512-xjKdoMB+H+RCOByv/7l7nfIGW9mlOisqYdcyC75UqYuQecLpReAeEYUf2CNeDEI3KtmUgxpRw/+c63y4AeF/Bw=="],

    "@oxlint/binding-darwin-arm64": ["@oxlint/binding-darwin-arm64@1.74.0", "", { "os": "darwin", "cpu": "arm64" }, "sha512-iUK7wvc6sejMKsC+Pt67mntoF5weFcyEunhZfLJceU6gL419mexz5wBkSx/EnkFBExMLNtOi9fnDSc5xfK0IzQ=="],

    "@oxlint/binding-darwin-x64": ["@oxlint/binding-darwin-x64@1.74.0", "", { "os": "darwin", "cpu": "x64" }, "sha512-ggKc/tn5SJ1u2yG2izC6VKODfYKV8MQ2AicJlNzOjuyrC29udvOef6/JzK2r32xqCnBDLFouR1VCkjzEI0/N9Q=="],

    "@oxlint/binding-freebsd-x64": ["@oxlint/binding-freebsd-x64@1.74.0", "", { "os": "freebsd", "cpu": "x64" }, "sha512-u++dH/43jy9hTLbneaWlS0gla/Bp1JdwJ2zgevCl8nDFUh6qRCGMxcL0f0lb7By3A9p/LfFr+7cG4HU1hG856g=="],

    "@oxlint/binding-linux-arm-gnueabihf": ["@oxlint/binding-linux-arm-gnueabihf@1.74.0", "", { "os": "linux", "cpu": "arm" }, "sha512-Sj1zmtFDVTPeIbIz4ZfcXAbFHqCmKCXdCUlAJzvTF7I20NTH1RDpoF2PhkqNODutJzVhJYmm3oz0GwgY+tvE2g=="],

    "@oxlint/binding-linux-arm-musleabihf": ["@oxlint/binding-linux-arm-musleabihf@1.74.0", "", { "os": "linux", "cpu": "arm" }, "sha512-//PKyQb/tQXcHArx2f7z+oVI/eMS2Jpv+edNuAtOrgIhWdGcpHxogveAxzmF2rpH1AIHp4Hq04RF/rgJdiICnQ=="],

    "@oxlint/binding-linux-arm64-gnu": ["@oxlint/binding-linux-arm64-gnu@1.74.0", "", { "os": "linux", "cpu": "arm64" }, "sha512-/k1Me+aX2tjuH10K62mLS0y8cLkJBHX6Ce0xPK+eWeel4bSdEGZ8dv4+hYMzg0GrSmjwy4yAYsDPeEeKBft/2w=="],

    "@oxlint/binding-linux-arm64-musl": ["@oxlint/binding-linux-arm64-musl@1.74.0", "", { "os": "linux", "cpu": "arm64" }, "sha512-3tFSjBxc5D8/zvjEuLvOqcA8ZXKD0+6NuaVO/edeamNc49MoAsbfaC9s1UiwODwgF6slGaF8yJA2TPkukd77tg=="],

    "@oxlint/binding-linux-ppc64-gnu": ["@oxlint/binding-linux-ppc64-gnu@1.74.0", "", { "os": "linux", "cpu": "ppc64" }, "sha512-9QggtPkSPXOCTu8Szis7auOK/sC7KdQaN+/TujP7YVVhzCAOhgdRfgv8uEz0r2tk5xdgus5rLYUrCDoZNtiRUw=="],

    "@oxlint/binding-linux-riscv64-gnu": ["@oxlint/binding-linux-riscv64-gnu@1.74.0", "", { "os": "linux", "cpu": "none" }, "sha512-VM5VPUJ4DJIWiK+AZn8FScUqMr6OFrCAYybMYjEEi7W13ParI64MByiXTkKMqZpBmvQ9zxl9Ebq2VUOiZRJYUg=="],

    "@oxlint/binding-linux-riscv64-musl": ["@oxlint/binding-linux-riscv64-musl@1.74.0", "", { "os": "linux", "cpu": "none" }, "sha512-SaDY1gh9rOA592J54g+gu5hkOFFQBZsMmIYHs+NRHG+Uq0OxtuuCXMWQ3vu1830Eugv5uMXyjG+bv2Z9y4IXjw=="],

    "@oxlint/binding-linux-s390x-gnu": ["@oxlint/binding-linux-s390x-gnu@1.74.0", "", { "os": "linux", "cpu": "s390x" }, "sha512-ZATQeHZCyr6MbDveg0obD5sxLHFOghtOdC5jwVwYlvFWqtFOxctgFEG6Ef/64hYvZrWyhyCckB10AelqLopeDA=="],

    "@oxlint/binding-linux-x64-gnu": ["@oxlint/binding-linux-x64-gnu@1.74.0", "", { "os": "linux", "cpu": "x64" }, "sha512-+aIvJyrdeD7LwCQ2WYLMUWNmnbeDRSPb40aBYtPjD9+PTqUwgJnk+HK5yLfSMeqXrMrDhE9uTmtt2y50tvjhHw=="],

    "@oxlint/binding-linux-x64-musl": ["@oxlint/binding-linux-x64-musl@1.74.0", "", { "os": "linux", "cpu": "x64" }, "sha512-XyktaR8lhK2qWiCK0Tk8oYD+/cgn+oHA6ddRnxSSXUKkkojkV78CmShZUxQF+yrBFs0SuW+JBOPG6hecyc/iZg=="],

    "@oxlint/binding-openharmony-arm64": ["@oxlint/binding-openharmony-arm64@1.74.0", "", { "os": "none", "cpu": "arm64" }, "sha512-mzbjrPl4neaVUiJ1fUiEUxTGaSZBoiKtaoB6jmIpz9S+VOA2vDYmJpihQ82w6178V5jxziclTg8Cgj5yF6tTDg=="],

    "@oxlint/binding-win32-arm64-msvc": ["@oxlint/binding-win32-arm64-msvc@1.74.0", "", { "os": "win32", "cpu": "arm64" }, "sha512-vUAe9okpS2Oa5+lX67lqHMuNUvfkleRKwrUDJ/WJBsgmddvZ1mrsh2HVmuFDRzqFELhaJhFaCNOuR6a7L3rtIA=="],

    "@oxlint/binding-win32-ia32-msvc": ["@oxlint/binding-win32-ia32-msvc@1.74.0", "", { "os": "win32", "cpu": "ia32" }, "sha512-yyXXJyYYSXL4I8K8jAWjJs+J3fa9gH2JmEbo4f5adm+1tNC9itseicBNuwK7BDHvqQ5J534s+yDULu89vYL2ZQ=="],

    "@oxlint/binding-win32-x64-msvc": ["@oxlint/binding-win32-x64-msvc@1.74.0", "", { "os": "win32", "cpu": "x64" }, "sha512-VTC9IYTIMrVUk/i6Ms1ohzzDKZFkWn0KU2OBbPBzgmVZ2V30165T/zK4LztTr0Xgp9fZ1qQZ1rsZAu/rEmySlA=="],

    "@standard-schema/spec": ["@standard-schema/spec@1.1.0", "", {}, "sha512-l2aFy5jALhniG5HgqrD6jXLi/rUWrKvqN/qJx6yoJsgKhblVd+iqqU4RCXavm/jPityDo5TCvKMnpjKnOriy0w=="],

    "@types/bun": ["@types/bun@1.3.14", "", { "dependencies": { "bun-types": "1.3.14" } }, "sha512-h1hFqFVcvAvD9j9K7ZW7vd82aSA+rTdznZa+5bwvCwqSB1jmmfLcbIWhOLx1/+boy/xmjgCs/OMUL8hRJSmnPw=="],

    "@types/node": ["@types/node@24.13.3", "", { "dependencies": { "undici-types": "~7.18.0" } }, "sha512-Dh8vAsV36ig5wa9OX4pXvMc9D3Veibfw2wix0CUwYODLD8nkj9UsLjASr49nPg+2eKzxhBV+v7L8pXvT4e639Q=="],

    "@types/ws": ["@types/ws@8.18.1", "", { "dependencies": { "@types/node": "*" } }, "sha512-ThVF6DCVhA8kUGy+aazFQ4kXQ7E1Ty7A3ypFOe0IcJV8O/M511G99AW24irKrW56Wt44yG9+ij8FaqoBGkuBXg=="],

    "bun-types": ["bun-types@1.3.14", "", { "dependencies": { "@types/node": "*" } }, "sha512-4N0ig0fEomHt5R0KCFWjovxow98rIoRwKolrYdCcknNwMekCXRnWEUvgu5soYV8QXtVsrUD8B95MBOZGPvr6KQ=="],

    "detect-libc": ["detect-libc@2.1.2", "", {}, "sha512-Btj2BOOO83o3WyH59e8MgXsxEQVcarkUOpEYrubB0urwnN10yQ364rsiByU11nZlqWYZm05i/of7io4mzihBtQ=="],

    "effect": ["effect@4.0.0-beta.99", "", { "dependencies": { "@standard-schema/spec": "^1.1.0", "fast-check": "^4.9.0", "find-my-way-ts": "^0.1.6", "ini": "^7.0.0", "kubernetes-types": "^1.30.0", "msgpackr": "^2.0.4", "multipasta": "^0.2.8", "toml": "^4.1.2", "uuid": "^14.0.1", "yaml": "^2.9.0" } }, "sha512-hP1C61uzINfLl/4kKMwcqksxd34s4sQ3VSjsWjhGrkx9CRlXaqnfOK9dpTEKynQ6rA7wU9rb3c+48eDYw7uzxA=="],

    "fast-check": ["fast-check@4.9.0", "", { "dependencies": { "pure-rand": "^8.0.0" } }, "sha512-7ms6T7SybUev/PQITciI0yLM2pOSFy5zpG8Ty7tQofcVaQUvrMXp6CBwqF6fThLCLOrfBtuHAtwq6Yu4XPCllg=="],

    "find-my-way-ts": ["find-my-way-ts@0.1.6", "", {}, "sha512-a85L9ZoXtNAey3Y6Z+eBWW658kO/MwR7zIafkIUPUMf3isZG0NCs2pjW2wtjxAKuJPxMAsHUIP4ZPGv0o5gyTA=="],

    "ini": ["ini@7.0.0", "", {}, "sha512-ifK0CgjALofS5bkrcTy4RaQ9Vx2Knf/eLeIO+NaswQEpH1UblrtTSCIvN71qQDMq0PeQ/SSPojvEJp9vvvfr+w=="],

    "kubernetes-types": ["kubernetes-types@1.30.0", "", {}, "sha512-Dew1okvhM/SQcIa2rcgujNndZwU8VnSapDgdxlYoB84ZlpAD43U6KLAFqYo17ykSFGHNPrg0qry0bP+GJd9v7Q=="],

    "msgpackr": ["msgpackr@2.0.4", "", { "optionalDependencies": { "msgpackr-extract": "^3.0.4" } }, "sha512-o1C5KRmuRt+apqMr1HuGSqWStZoRBUpEsCsl15uM9VdAF1qHLtvMOU2En747EnTyEl6c4pzPewRMFF31s1CNbA=="],

    "msgpackr-extract": ["msgpackr-extract@3.0.4", "", { "dependencies": { "node-gyp-build-optional-packages": "5.2.2" }, "optionalDependencies": { "@msgpackr-extract/msgpackr-extract-darwin-arm64": "3.0.4", "@msgpackr-extract/msgpackr-extract-darwin-x64": "3.0.4", "@msgpackr-extract/msgpackr-extract-linux-arm": "3.0.4", "@msgpackr-extract/msgpackr-extract-linux-arm64": "3.0.4", "@msgpackr-extract/msgpackr-extract-linux-x64": "3.0.4", "@msgpackr-extract/msgpackr-extract-win32-x64": "3.0.4" }, "bin": { "download-msgpackr-prebuilds": "bin/download-prebuilds.js" } }, "sha512-4kmO/MdyUIkLIvTPr8VHLil4AtoKIoniWPIEk5+CDy0xnWC84azhSFmuJ7PxZdsYtiP5kEeQsORAVIeMgxT+Hw=="],

    "multipasta": ["multipasta@0.2.8", "", {}, "sha512-ZPWuMKyv0cSO29f7hozp+k6+crZbQijV8ipMvxNxRf2SwtYGTX1ZX89Kd20VV4H9Znonx+EQn+iy1wGQsJ+b+Q=="],

    "node-gyp-build-optional-packages": ["node-gyp-build-optional-packages@5.2.2", "", { "dependencies": { "detect-libc": "^2.0.1" }, "bin": { "node-gyp-build-optional-packages": "bin.js", "node-gyp-build-optional-packages-optional": "optional.js", "node-gyp-build-optional-packages-test": "build-test.js" } }, "sha512-s+w+rBWnpTMwSFbaE0UXsRlg7hU4FjekKU4eyAih5T8nJuNZT1nNsskXpxmeqSK9UzkBl6UgRlnKc8hz8IEqOw=="],

    "obuf": ["obuf@1.1.2", "", {}, "sha512-PX1wu0AmAdPqOL1mWhqmlOd8kOIZQwGZw6rh7uby9fTc5lhaOWFLX3I6R1hrF9k3zUY40e6igsLGkDXK92LJNg=="],

    "oxfmt": ["oxfmt@0.47.0", "", { "dependencies": { "tinypool": "2.1.0" }, "optionalDependencies": { "@oxfmt/binding-android-arm-eabi": "0.47.0", "@oxfmt/binding-android-arm64": "0.47.0", "@oxfmt/binding-darwin-arm64": "0.47.0", "@oxfmt/binding-darwin-x64": "0.47.0", "@oxfmt/binding-freebsd-x64": "0.47.0", "@oxfmt/binding-linux-arm-gnueabihf": "0.47.0", "@oxfmt/binding-linux-arm-musleabihf": "0.47.0", "@oxfmt/binding-linux-arm64-gnu": "0.47.0", "@oxfmt/binding-linux-arm64-musl": "0.47.0", "@oxfmt/binding-linux-ppc64-gnu": "0.47.0", "@oxfmt/binding-linux-riscv64-gnu": "0.47.0", "@oxfmt/binding-linux-riscv64-musl": "0.47.0", "@oxfmt/binding-linux-s390x-gnu": "0.47.0", "@oxfmt/binding-linux-x64-gnu": "0.47.0", "@oxfmt/binding-linux-x64-musl": "0.47.0", "@oxfmt/binding-openharmony-arm64": "0.47.0", "@oxfmt/binding-win32-arm64-msvc": "0.47.0", "@oxfmt/binding-win32-ia32-msvc": "0.47.0", "@oxfmt/binding-win32-x64-msvc": "0.47.0" }, "bin": { "oxfmt": "bin/oxfmt" } }, "sha512-OFbkbzxKCpooQEnRmpTDnuwTX8KHXzZTQ4Df/hz85fpS67Pl+lxPEFvUtin56HIIS0B1k4X8oIzTXRZPufA2CA=="],

    "oxlint": ["oxlint@1.74.0", "", { "optionalDependencies": { "@oxlint/binding-android-arm-eabi": "1.74.0", "@oxlint/binding-android-arm64": "1.74.0", "@oxlint/binding-darwin-arm64": "1.74.0", "@oxlint/binding-darwin-x64": "1.74.0", "@oxlint/binding-freebsd-x64": "1.74.0", "@oxlint/binding-linux-arm-gnueabihf": "1.74.0", "@oxlint/binding-linux-arm-musleabihf": "1.74.0", "@oxlint/binding-linux-arm64-gnu": "1.74.0", "@oxlint/binding-linux-arm64-musl": "1.74.0", "@oxlint/binding-linux-ppc64-gnu": "1.74.0", "@oxlint/binding-linux-riscv64-gnu": "1.74.0", "@oxlint/binding-linux-riscv64-musl": "1.74.0", "@oxlint/binding-linux-s390x-gnu": "1.74.0", "@oxlint/binding-linux-x64-gnu": "1.74.0", "@oxlint/binding-linux-x64-musl": "1.74.0", "@oxlint/binding-openharmony-arm64": "1.74.0", "@oxlint/binding-win32-arm64-msvc": "1.74.0", "@oxlint/binding-win32-ia32-msvc": "1.74.0", "@oxlint/binding-win32-x64-msvc": "1.74.0" }, "peerDependencies": { "oxlint-tsgolint": ">=0.24.0", "vite-plus": "*" }, "optionalPeers": ["oxlint-tsgolint", "vite-plus"], "bin": { "oxlint": "bin/oxlint" } }, "sha512-odGl2s2x5IOJoj3A0v1k0PGBXVFBZeZ2+AK/+K2MJur7Ghi3bkyX5NuLUWHKqa4js1wjep3hJeuTQJOlr+4+dA=="],

    "pg": ["pg@8.22.0", "", { "dependencies": { "pg-connection-string": "^2.14.0", "pg-pool": "^3.14.0", "pg-protocol": "^1.15.0", "pg-types": "2.2.0", "pgpass": "1.0.5" }, "optionalDependencies": { "pg-cloudflare": "^1.4.0" }, "peerDependencies": { "pg-native": ">=3.0.1" }, "optionalPeers": ["pg-native"] }, "sha512-8wih1vVIBMxoUM2oB4soJsD9tDnDpLv4OXBJ+EJzFsvycD+lfyIreC2gGHq78f8jbLLt+bvlPTFdFZfJkOuzAA=="],

    "pg-cloudflare": ["pg-cloudflare@1.4.0", "", {}, "sha512-Vo7z/6rrQYxpNRylp4Tlob2elzbh+N/MOQbxFVWCxS7oEx6jF53GTJFxK2WWpKuBRkmiin4Mt+xofFDjx09R0A=="],

    "pg-connection-string": ["pg-connection-string@2.14.0", "", {}, "sha512-XwWDGcLRGCXAR8F/AM5bG7Q+A3Wm2s6QeEjlOKZLlH3UYcguiqCWKyWXVag5TLTIjR7oOJUY8kcADaZgWPyLeg=="],

    "pg-cursor": ["pg-cursor@2.21.0", "", { "peerDependencies": { "pg": "^8" } }, "sha512-IYvk/j+Suhtbo/C3uOf4JLsLK/gWxOTUOmYbDsbKnLaVJDq+KwhwK6ngpRfiCk8eDMS3AmGQABZCv0cREEzHQw=="],

    "pg-int8": ["pg-int8@1.0.1", "", {}, "sha512-WCtabS6t3c8SkpDBUlb1kjOs7l66xsGdKpIPZsg4wR+B3+u9UAum2odSsF9tnvxg80h4ZxLWMy4pRjOsFIqQpw=="],

    "pg-numeric": ["pg-numeric@1.0.2", "", {}, "sha512-BM/Thnrw5jm2kKLE5uJkXqqExRUY/toLHda65XgFTBTFYZyopbKjBe29Ii3RbkvlsMoFwD+tHeGaCjjv0gHlyw=="],

    "pg-pool": ["pg-pool@3.14.0", "", { "peerDependencies": { "pg": ">=8.0" } }, "sha512-gKtPkFdQPU3DksooVLi9LsjZxrsBUZIpa+7aVx+LV5pNh0KzP4Zleud2po+ConrxbuXGBJ6Hfer6hdgpIBpBaw=="],

    "pg-protocol": ["pg-protocol@1.15.0", "", {}, "sha512-cq9sECI5s0+uPUXjbz8ioyPJni6RzsRib0US67i5IoTZKw8fNeYlVE7u8F4dG7vEJJtc5wdD1K189lCCUwqWTQ=="],

    "pg-types": ["pg-types@4.1.0", "", { "dependencies": { "pg-int8": "1.0.1", "pg-numeric": "1.0.2", "postgres-array": "~3.0.1", "postgres-bytea": "~3.0.0", "postgres-date": "~2.1.0", "postgres-interval": "^3.0.0", "postgres-range": "^1.1.1" } }, "sha512-o2XFanIMy/3+mThw69O8d4n1E5zsLhdO+OPqswezu7Z5ekP4hYDqlDjlmOpYMbzY2Br0ufCwJLdDIXeNVwcWFg=="],

    "pgpass": ["pgpass@1.0.5", "", { "dependencies": { "split2": "^4.1.0" } }, "sha512-FdW9r/jQZhSeohs1Z3sI1yxFQNFvMcnmfuj4WBMUTxOrAyLMaTcE1aAMBiTlbMNaXvBCQuVi0R7hd8udDSP7ug=="],

    "postgres-array": ["postgres-array@3.0.4", "", {}, "sha512-nAUSGfSDGOaOAEGwqsRY27GPOea7CNipJPOA7lPbdEpx5Kg3qzdP0AaWC5MlhTWV9s4hFX39nomVZ+C4tnGOJQ=="],

    "postgres-bytea": ["postgres-bytea@3.0.0", "", { "dependencies": { "obuf": "~1.1.2" } }, "sha512-CNd4jim9RFPkObHSjVHlVrxoVQXz7quwNFpz7RY1okNNme49+sVyiTvTRobiLV548Hx/hb1BG+iE7h9493WzFw=="],

    "postgres-date": ["postgres-date@2.1.0", "", {}, "sha512-K7Juri8gtgXVcDfZttFKVmhglp7epKb1K4pgrkLxehjqkrgPhfG6OO8LHLkfaqkbpjNRnra018XwAr1yQFWGcA=="],

    "postgres-interval": ["postgres-interval@3.0.0", "", {}, "sha512-BSNDnbyZCXSxgA+1f5UU2GmwhoI0aU5yMxRGO8CdFEcY2BQF9xm/7MqKnYoM1nJDk8nONNWDk9WeSmePFhQdlw=="],

    "postgres-range": ["postgres-range@1.1.4", "", {}, "sha512-i/hbxIE9803Alj/6ytL7UHQxRvZkI9O4Sy+J3HGc4F4oo/2eQAjTSNJ0bfxyse3bH0nuVesCk+3IRLaMtG3H6w=="],

    "pure-rand": ["pure-rand@8.4.2", "", {}, "sha512-vvuOGgcuPJAirlHvuQw1TrOiw7ptaIXXmIbNuiNOY6lNGJJH49PQ1Kj4nd783nPdQhQdicgOjVI2yI/9BD6/Ng=="],

    "split2": ["split2@4.2.0", "", {}, "sha512-UcjcJOWknrNkF6PLX83qcHM6KHgVKNkV62Y8a5uYDVv9ydGQVwAHMKqHdJje1VTWpljG0WYpCDhrCdAOYH4TWg=="],

    "tinypool": ["tinypool@2.1.0", "", {}, "sha512-Pugqs6M0m7Lv1I7FtxN4aoyToKg1C4tu+/381vH35y8oENM/Ai7f7C4StcoK4/+BSw9ebcS8jRiVrORFKCALLw=="],

    "toml": ["toml@4.3.0", "", {}, "sha512-lVb8X9BsPVuH0M4BKeS91tXAmJvCjQ5UIyAbQFaxkKGyUFK2RPkhwaFSQH8vbpl1d23eu/IBH+dwVMHWaq9A5A=="],

    "typescript": ["typescript@5.9.3", "", { "bin": { "tsc": "bin/tsc", "tsserver": "bin/tsserver" } }, "sha512-jl1vZzPDinLr9eUt3J/t7V6FgNEw9QjvBPdysz9KfQDD41fQrC2Y4vKQdiaUpFT4bXlb1RHhLpp8wtm6M5TgSw=="],

    "undici-types": ["undici-types@7.18.2", "", {}, "sha512-AsuCzffGHJybSaRrmr5eHr81mwJU3kjw6M+uprWvCXiNeN9SOGwQ3Jn8jb8m3Z6izVgknn1R0FTCEAP2QrLY/w=="],

    "uuid": ["uuid@14.0.1", "", { "bin": { "uuid": "dist-node/bin/uuid" } }, "sha512-6ZxzVpzDXDa3bJWaHilVayA+BH/1zmxCJoVgvmqJnid/gPoKHxUrS/aC/T6LGQtNHT+XHG9fXPJB4d+IrU30Ew=="],

    "ws": ["ws@8.21.1", "", { "peerDependencies": { "bufferutil": "^4.0.1", "utf-8-validate": ">=5.0.2" }, "optionalPeers": ["bufferutil", "utf-8-validate"] }, "sha512-+0NTnW77fFN/DjQi6k/Sq/Yvk4Sgajw7urW8V+asjXnRgDs9gyGkdb7EzgfhA4goXsRIZKE28fzIXBHEzhuiWw=="],

    "xtend": ["xtend@4.0.2", "", {}, "sha512-LKYU1iAXJXUgAXn9URjiu+MWhyUXHsvfp7mcuYm9dSUKK0/CjtrUwFAxD82/mCWbtLsGjFIad0wIsod4zrTAEQ=="],

    "yaml": ["yaml@2.9.0", "", { "bin": { "yaml": "bin.mjs" } }, "sha512-2AvhNX3mb8zd6Zy7INTtSpl1F15HW6Wnqj0srWlkKLcpYl/gMIMJiyuGq2KeI2YFxUPjdlB+3Lc10seMLtL4cA=="],

    "pg/pg-types": ["pg-types@2.2.0", "", { "dependencies": { "pg-int8": "1.0.1", "postgres-array": "~2.0.0", "postgres-bytea": "~1.0.0", "postgres-date": "~1.0.4", "postgres-interval": "^1.1.0" } }, "sha512-qTAAlrEsl8s4OiEQY69wDvcMIdQN6wdz5ojQiOy6YRMuynxenON0O5oCpJI6lshc6scgAY8qvJ2On/p+CXY0GA=="],

    "pg/pg-types/postgres-array": ["postgres-array@2.0.0", "", {}, "sha512-VpZrUqU5A69eQyW2c5CA1jtLecCsN2U/bD6VilrFDWq5+5UIEVO7nazS3TEcHf1zuPYO/sqGvUvW62g86RXZuA=="],

    "pg/pg-types/postgres-bytea": ["postgres-bytea@1.0.1", "", {}, "sha512-5+5HqXnsZPE65IJZSMkZtURARZelel2oXUEO8rH83VS/hxH5vv1uHquPg5wZs8yMAfdv971IU+kcPUczi7NVBQ=="],

    "pg/pg-types/postgres-date": ["postgres-date@1.0.7", "", {}, "sha512-suDmjLVQg78nMK2UZ454hAG+OAW+HQPZ6n++TNDUX+L0+uUlLywnoxJKDou51Zm+zTCjrCl0Nq6J9C5hP9vK/Q=="],

    "pg/pg-types/postgres-interval": ["postgres-interval@1.2.0", "", { "dependencies": { "xtend": "^4.0.0" } }, "sha512-9ZhXKM/rw350N1ovuWHbGxnGh/SNJ4cnxHiM0rxE4VN41wsg8P8zWn9hv/buK00RP4WvlOyr/RBDiptyxVbkZQ=="],
  }
}
